GEM
  remote: https://rubygems.org/
  specs:
    drb (2.2.3)
    minitest (6.0.5)
      drb (~> 2.0)
      prism (~> 1.5)
    prism (1.9.0)
    rake (13.4.2)
    sqlite3 (2.9.3-aarch64-linux-gnu)
    sqlite3 (2.9.3-aarch64-linux-musl)
    sqlite3 (2.9.3-arm-linux-gnu)
    sqlite3 (2.9.3-arm-linux-musl)
    sqlite3 (2.9.3-arm64-darwin)
    sqlite3 (2.9.3-x86-linux-gnu)
    sqlite3 (2.9.3-x86-linux-musl)
    sqlite3 (2.9.3-x86_64-darwin)
    sqlite3 (2.9.3-x86_64-linux-gnu)
    sqlite3 (2.9.3-x86_64-linux-musl)

PLATFORMS
  aarch64-linux-gnu
  aarch64-linux-musl
  arm-linux-gnu
  arm-linux-musl
  arm64-darwin
  x86-linux-gnu
  x86-linux-musl
  x86_64-darwin
  x86_64-linux-gnu
  x86_64-linux-musl

DEPENDENCIES
  minitest
  rake
  sqlite3

CHECKSUMS
  drb (2.2.3) sha256=0b00d6fdb50995fe4a45dea13663493c841112e4068656854646f418fda13373
  minitest (6.0.5) sha256=f007d7246bf4feea549502842cd7c6aba8851cdc9c90ba06de9c476c0d01155c
  prism (1.9.0) sha256=7b530c6a9f92c24300014919c9dcbc055bf4cdf51ec30aed099b06cd6674ef85
  rake (13.4.2) sha256=cb825b2bd5f1f8e91ca37bddb4b9aaf345551b4731da62949be002fa89283701
  sqlite3 (2.9.3-aarch64-linux-gnu) sha256=ca6dd1cf6c037ccc8d3e5837190cc61ef15466092014951235641b5c4c8ab4ee
  sqlite3 (2.9.3-aarch64-linux-musl) sha256=ff017a36c463d02e9f0be7a6224521371128024e6a05ed16994afa5c037afbba
  sqlite3 (2.9.3-arm-linux-gnu) sha256=fd8b74337a66bdaf746b97d65e6c9a2faff803c8f72d6b107fb880972815d072
  sqlite3 (2.9.3-arm-linux-musl) sha256=792ae9a786bb37dbdc4c443c527bc91df423aac10e472f76d5cf5a9ac6d51980
  sqlite3 (2.9.3-arm64-darwin) sha256=76b265d3d57362d3e38338f24f50a0c9cd47a4599c9cfbb578fac125d2299906
  sqlite3 (2.9.3-x86-linux-gnu) sha256=ceb2417f01563a2800836fbbc6d59aa0ca591882c99f6c50fdc0c8090da7a03b
  sqlite3 (2.9.3-x86-linux-musl) sha256=1688e37da36a4513a1a1d6e9abb643f68723599abbe564cb1a1bf496c9ae8dca
  sqlite3 (2.9.3-x86_64-darwin) sha256=087e7cc4efc73d83e76354f028c4d1dc14552a05acc74f60e77a55f1bee6ef22
  sqlite3 (2.9.3-x86_64-linux-gnu) sha256=85200a10c6cf5c60085fcca411a3168c5fba8fda3e2b1b0109ec277d7c226d46
  sqlite3 (2.9.3-x86_64-linux-musl) sha256=b6d0437046d9180335dea1aa0592802e65c4f7b57409d63f14408211bf28536b

RUBY VERSION
  ruby 3.4.7

BUNDLED WITH
  4.0.3
